
Microsoft Visual Studio Solution File, Format Version 12.00
# Visual Studio Version 17
VisualStudioVersion = 17.4.33213.308
MinimumVisualStudioVersion = 10.0.40219.1
Project("{FAE04EC0-301F-11D3-BF4B-00C04F79EFBC}") = "Folder Media Player", "Folder Media Player\Folder Media Player.csproj", "{377A945A-B444-42CE-99F7-3257B08558BD}"
EndProject
Global
	GlobalSection(SolutionConfigurationPlatforms) = preSolution
		Debug|Any CPU = Debug|Any CPU
		Release|Any CPU = Release|Any CPU
	EndGlobalSection
	GlobalSection(ProjectConfigurationPlatforms) = postSolution
		{377A945A-B444-42CE-99F7-3257B08558BD}.Debug|Any CPU.ActiveCfg = Debug|Any CPU
		{377A945A-B444-42CE-99F7-3257B08558BD}.Debug|Any CPU.Build.0 = Debug|Any CPU
		{377A945A-B444-42CE-99F7-3257B08558BD}.Release|Any CPU.ActiveCfg = Release|Any CPU
		{377A945A-B444-42CE-99F7-3257B08558BD}.Release|Any CPU.Build.0 = Release|Any CPU
	EndGlobalSection
	GlobalSection(SolutionProperties) = preSolution
		HideSolutionNode = FALSE
	EndGlobalSection
	GlobalSection(ExtensibilityGlobals) = postSolution
		SolutionGuid = {DD7115A6-C9D8-41FE-ABC7-6D89C042051F}
	EndGlobalSection
EndGlobal
